{
  "name": "verao-ime-2025-node",
  "version": "1.0.0",
  "lockfileVersion": 3,
  "requires": true,
  "packages": {
    "": {
      "name": "verao-ime-2025-node",
      "version": "1.0.0",
      "license": "MIT",
      "devDependencies": {
        "@types/capitalize": "^2.0.2",
        "capitalize": "^2.0.4",
        "typescript": "^5.7.3"
      }
    },
    "node_modules/@types/capitalize": {
      "version": "2.0.2",
      "resolved": "https://registry.npmjs.org/@types/capitalize/-/capitalize-2.0.2.tgz",
      "integrity": "sha512-J3I2HyJL4ui26Nwg6fQHx+1pg4Mn0i25T2Q1DIE1fyfySERXlT7j0F06gI52COlt8J26YETAWUCzrWNH/F/PeA==",
      "dev": true
    },
    "node_modules/capitalize": {
      "version": "2.0.4",
      "resolved": "https://registry.npmjs.org/capitalize/-/capitalize-2.0.4.tgz",
      "integrity": "sha512-wcSyiFqXRYyCoqu0o0ekXzJAKCLMkqWS5QWGlgTJFJKwRmI6pzcN2hBl5VPq9RzLW5Uf4FF/V/lcFfjCtVak2w==",
      "dev": true
    },
    "node_modules/typescript": {
      "version": "5.7.3",
      "resolved": "https://registry.npmjs.org/typescript/-/typescript-5.7.3.tgz",
      "integrity": "sha512-84MVSjMEHP+FQRPy3pX9sTVV/INIex71s9TL2Gm5FG/WG1SqXeKyZ0k7/blY/4FdOzI12CBy1vGc4og/eus0fw==",
      "dev": true,
      "bin": {
        "tsc": "bin/tsc",
        "tsserver": "bin/tsserver"
      },
      "engines": {
        "node": ">=14.17"
      }
    }
  }
}
